
Microsoft Visual Studio Solution File, Format Version 12.00
# Visual Studio Version 17
VisualStudioVersion = 17.13.35919.96 d17.13
MinimumVisualStudioVersion = 10.0.40219.1
Project("{FAE04EC0-301F-11D3-BF4B-00C04F79EFBC}") = "SchoolDatabaseSystem", "SchoolDatabaseSystem\SchoolDatabaseSystem.csproj", "{4776A48D-59B5-4319-9E36-8196290B50E8}"
EndProject
Global
	GlobalSection(SolutionConfigurationPlatforms) = preSolution
		Debug|Any CPU = Debug|Any CPU
		Release|Any CPU = Release|Any CPU
	EndGlobalSection
	GlobalSection(ProjectConfigurationPlatforms) = postSolution
		{4776A48D-59B5-4319-9E36-8196290B50E8}.Debug|Any CPU.ActiveCfg = Debug|Any CPU
		{4776A48D-59B5-4319-9E36-8196290B50E8}.Debug|Any CPU.Build.0 = Debug|Any CPU
		{4776A48D-59B5-4319-9E36-8196290B50E8}.Release|Any CPU.ActiveCfg = Release|Any CPU
		{4776A48D-59B5-4319-9E36-8196290B50E8}.Release|Any CPU.Build.0 = Release|Any CPU
	EndGlobalSection
	GlobalSection(SolutionProperties) = preSolution
		HideSolutionNode = FALSE
	EndGlobalSection
	GlobalSection(ExtensibilityGlobals) = postSolution
		SolutionGuid = {4EE8837F-D347-44DA-927D-16C281BEEA1A}
	EndGlobalSection
EndGlobal
